// !$*UTF8*$!
{
	archiveVersion = 1;
	classes = {
	};
	objectVersion = 55;
	objects = {

/* Begin PBXBuildFile section */
		0180BA5D2810E89E00A8FA6E /* AppDelegate.swift in Sources */ = {isa = PBXBuildFile; fileRef = 0180BA5C2810E89E00A8FA6E /* AppDelegate.swift */; };
		0180BA5F2810E89F00A8FA6E /* SceneDelegate.swift in Sources */ = {isa = PBXBuildFile; fileRef = 0180BA5E2810E89E00A8FA6E /* SceneDelegate.swift */; };
		0180BA642810E89F00A8FA6E /* Main.storyboard in Resources */ = {isa = PBXBuildFile; fileRef = 0180BA622810E89F00A8FA6E /* Main.storyboard */; };
		0180BA672810E89F00A8FA6E /* travel_log.xcdatamodeld in Sources */ = {isa = PBXBuildFile; fileRef = 0180BA652810E89F00A8FA6E /* travel_log.xcdatamodeld */; };
		0180BA692810E8A000A8FA6E /* Assets.xcassets in Resources */ = {isa = PBXBuildFile; fileRef = 0180BA682810E8A000A8FA6E /* Assets.xcassets */; };
		0180BA6C2810E8A000A8FA6E /* LaunchScreen.storyboard in Resources */ = {isa = PBXBuildFile; fileRef = 0180BA6A2810E8A000A8FA6E /* LaunchScreen.storyboard */; };
		0180BA742810E92200A8FA6E /* TableViewController.swift in Sources */ = {isa = PBXBuildFile; fileRef = 0180BA732810E92200A8FA6E /* TableViewController.swift */; };
		0180BA7A2813674900A8FA6E /* 1.png in Resources */ = {isa = PBXBuildFile; fileRef = 0180BA772813674900A8FA6E /* 1.png */; };
		0180BA7B2813674900A8FA6E /* 2.png in Resources */ = {isa = PBXBuildFile; fileRef = 0180BA782813674900A8FA6E /* 2.png */; };
		0180BA7C2813674900A8FA6E /* 3.png in Resources */ = {isa = PBXBuildFile; fileRef = 0180BA792813674900A8FA6E /* 3.png */; };
		B05F00F628120F4C00A8FB8A /* LocAddViewController.swift in Sources */ = {isa = PBXBuildFile; fileRef = B05F00F528120F4C00A8FB8A /* LocAddViewController.swift */; };
		B05F00F82812101700A8FB8A /* PhotoAddViewController.swift in Sources */ = {isa = PBXBuildFile; fileRef = B05F00F72812101700A8FB8A /* PhotoAddViewController.swift */; };
		B05F00FA2812137000A8FB8A /* ReflectionAddViewController.swift in Sources */ = {isa = PBXBuildFile; fileRef = B05F00F92812137000A8FB8A /* ReflectionAddViewController.swift */; };
		B05F00FC28122DAE00A8FB8A /* AddViewController.swift in Sources */ = {isa = PBXBuildFile; fileRef = B05F00FB28122DAE00A8FB8A /* AddViewController.swift */; };
		B05F00FE28122DC400A8FB8A /* EditViewController.swift in Sources */ = {isa = PBXBuildFile; fileRef = B05F00FD28122DC400A8FB8A /* EditViewController.swift */; };
/* End PBXBuildFile section */

/* Begin PBXFileReference section */
		0180BA592810E89E00A8FA6E /* travel-log.app */ = {isa = PBXFileReference; explicitFileType = wrapper.application; includeInIndex = 0; path = "travel-log.app"; sourceTree = BUILT_PRODUCTS_DIR; };
		0180BA5C2810E89E00A8FA6E /* AppDelegate.swift */ = {isa = PBXFileReference; lastKnownFileType = sourcecode.swift; path = AppDelegate.swift; sourceTree = "<group>"; };
		0180BA5E2810E89E00A8FA6E /* SceneDelegate.swift */ = {isa = PBXFileReference; lastKnownFileType = sourcecode.swift; path = SceneDelegate.swift; sourceTree = "<group>"; };
		0180BA632810E89F00A8FA6E /* Base */ = {isa = PBXFileReference; lastKnownFileType = file.storyboard; name = Base; path = Base.lproj/Main.storyboard; sourceTree = "<group>"; };
		0180BA662810E89F00A8FA6E /* travel_log.xcdatamodel */ = {isa = PBXFileReference; lastKnownFileType = wrapper.xcdatamodel; path = travel_log.xcdatamodel; sourceTree = "<group>"; };
		0180BA682810E8A000A8FA6E /* Assets.xcassets */ = {isa = PBXFileReference; lastKnownFileType = folder.assetcatalog; path = Assets.xcassets; sourceTree = "<group>"; };
		0180BA6B2810E8A000A8FA6E /* Base */ = {isa = PBXFileReference; lastKnownFileType = file.storyboard; name = Base; path = Base.lproj/LaunchScreen.storyboard; sourceTree = "<group>"; };
		0180BA6D2810E8A000A8FA6E /* Info.plist */ = {isa = PBXFileReference; lastKnownFileType = text.plist.xml; path = Info.plist; sourceTree = "<group>"; };
		0180BA732810E92200A8FA6E /* TableViewController.swift */ = {isa = PBXFileReference; lastKnownFileType = sourcecode.swift; path = TableViewController.swift; sourceTree = "<group>"; };
		0180BA772813674900A8FA6E /* 1.png */ = {isa = PBXFileReference; lastKnownFileType = image.png; name = 1.png; path = ../../../Downloads/25.12.21/1.png; sourceTree = "<group>"; };
		0180BA782813674900A8FA6E /* 2.png */ = {isa = PBXFileReference; lastKnownFileType = image.png; name = 2.png; path = ../../../Downloads/25.12.21/2.png; sourceTree = "<group>"; };
		0180BA792813674900A8FA6E /* 3.png */ = {isa = PBXFileReference; lastKnownFileType = image.png; name = 3.png; path = ../../../Downloads/25.12.21/3.png; sourceTree = "<group>"; };
		B05F00F528120F4C00A8FB8A /* LocAddViewController.swift */ = {isa = PBXFileReference; lastKnownFileType = sourcecode.swift; path = LocAddViewController.swift; sourceTree = "<group>"; };
		B05F00F72812101700A8FB8A /* PhotoAddViewController.swift */ = {isa = PBXFileReference; lastKnownFileType = sourcecode.swift; path = PhotoAddViewController.swift; sourceTree = "<group>"; };
		B05F00F92812137000A8FB8A /* ReflectionAddViewController.swift */ = {isa = PBXFileReference; lastKnownFileType = sourcecode.swift; path = ReflectionAddViewController.swift; sourceTree = "<group>"; };
		B05F00FB28122DAE00A8FB8A /* AddViewController.swift */ = {isa = PBXFileReference; lastKnownFileType = sourcecode.swift; path = AddViewController.swift; sourceTree = "<group>"; };
		B05F00FD28122DC400A8FB8A /* EditViewController.swift */ = {isa = PBXFileReference; lastKnownFileType = sourcecode.swift; path = EditViewController.swift; sourceTree = "<group>"; };
/* End PBXFileReference section */

/* Begin PBXFrameworksBuildPhase section */
		0180BA562810E89E00A8FA6E /* Frameworks */ = {
			isa = PBXFrameworksBuildPhase;
			buildActionMask = 2147483647;
			files = (
			);
			runOnlyForDeploymentPostprocessing = 0;
		};
/* End PBXFrameworksBuildPhase section */

/* Begin PBXGroup section */
		0180BA502810E89E00A8FA6E = {
			isa = PBXGroup;
			children = (
				0180BA5B2810E89E00A8FA6E /* travel-log */,
				0180BA5A2810E89E00A8FA6E /* Products */,
			);
			sourceTree = "<group>";
		};
		0180BA5A2810E89E00A8FA6E /* Products */ = {
			isa = PBXGroup;
			children = (
				0180BA592810E89E00A8FA6E /* travel-log.app */,
			);
			name = Products;
			sourceTree = "<group>";
		};
		0180BA5B2810E89E00A8FA6E /* travel-log */ = {
			isa = PBXGroup;
			children = (
				0180BA772813674900A8FA6E /* 1.png */,
				0180BA782813674900A8FA6E /* 2.png */,
				0180BA792813674900A8FA6E /* 3.png */,
				0180BA5C2810E89E00A8FA6E /* AppDelegate.swift */,
				0180BA5E2810E89E00A8FA6E /* SceneDelegate.swift */,
				0180BA732810E92200A8FA6E /* TableViewController.swift */,
				B05F00F528120F4C00A8FB8A /* LocAddViewController.swift */,
				B05F00F72812101700A8FB8A /* PhotoAddViewController.swift */,
				B05F00F92812137000A8FB8A /* ReflectionAddViewController.swift */,
				B05F00FB28122DAE00A8FB8A /* AddViewController.swift */,
				B05F00FD28122DC400A8FB8A /* EditViewController.swift */,
				0180BA622810E89F00A8FA6E /* Main.storyboard */,
				0180BA682810E8A000A8FA6E /* Assets.xcassets */,
				0180BA6A2810E8A000A8FA6E /* LaunchScreen.storyboard */,
				0180BA6D2810E8A000A8FA6E /* Info.plist */,
				0180BA652810E89F00A8FA6E /* travel_log.xcdatamodeld */,
			);
			path = "travel-log";
			sourceTree = "<group>";
		};
/* End PBXGroup section */

/* Begin PBXNativeTarget section */
		0180BA582810E89E00A8FA6E /* travel-log */ = {
			isa = PBXNativeTarget;
			buildConfigurationList = 0180BA702810E8A000A8FA6E /* Build configuration list for PBXNativeTarget "travel-log" */;
			buildPhases = (
				0180BA552810E89E00A8FA6E /* Sources */,
				0180BA562810E89E00A8FA6E /* Frameworks */,
				0180BA572810E89E00A8FA6E /* Resources */,
			);
			buildRules = (
			);
			dependencies = (
			);
			name = "travel-log";
			productName = "travel-log";
			productReference = 0180BA592810E89E00A8FA6E /* travel-log.app */;
			productType = "com.apple.product-type.application";
		};
/* End PBXNativeTarget section */

/* Begin PBXProject section */
		0180BA512810E89E00A8FA6E /* Project object */ = {
			isa = PBXProject;
			attributes = {
				BuildIndependentTargetsInParallel = 1;
				LastSwiftUpdateCheck = 1330;
				LastUpgradeCheck = 1330;
				TargetAttributes = {
					0180BA582810E89E00A8FA6E = {
						CreatedOnToolsVersion = 13.3;
					};
				};
			};
			buildConfigurationList = 0180BA542810E89E00A8FA6E /* Build configuration list for PBXProject "travel-log" */;
			compatibilityVersion = "Xcode 13.0";
			developmentRegion = en;
			hasScannedForEncodings = 0;
			knownRegions = (
				en,
				Base,
			);
			mainGroup = 0180BA502810E89E00A8FA6E;
			productRefGroup = 0180BA5A2810E89E00A8FA6E /* Products */;
			projectDirPath = "";
			projectRoot = "";
			targets = (
				0180BA582810E89E00A8FA6E /* travel-log */,
			);
		};
/* End PBXProject section */

/* Begin PBXResourcesBuildPhase section */
		0180BA572810E89E00A8FA6E /* Resources */ = {
			isa = PBXResourcesBuildPhase;
			buildActionMask = 2147483647;
			files = (
				0180BA6C2810E8A000A8FA6E /* LaunchScreen.storyboard in Resources */,
				0180BA7A2813674900A8FA6E /* 1.png in Resources */,
				0180BA7B2813674900A8FA6E /* 2.png in Resources */,
				0180BA7C2813674900A8FA6E /* 3.png in Resources */,
				0180BA692810E8A000A8FA6E /* Assets.xcassets in Resources */,
				0180BA642810E89F00A8FA6E /* Main.storyboard in Resources */,
			);
			runOnlyForDeploymentPostprocessing = 0;
		};
/* End PBXResourcesBuildPhase section */

/* Begin PBXSourcesBuildPhase section */
		0180BA552810E89E00A8FA6E /* Sources */ = {
			isa = PBXSourcesBuildPhase;
			buildActionMask = 2147483647;
			files = (
				B05F00FA2812137000A8FB8A /* ReflectionAddViewController.swift in Sources */,
				B05F00F628120F4C00A8FB8A /* LocAddViewController.swift in Sources */,
				B05F00FC28122DAE00A8FB8A /* AddViewController.swift in Sources */,
				0180BA5D2810E89E00A8FA6E /* AppDelegate.swift in Sources */,
				0180BA672810E89F00A8FA6E /* travel_log.xcdatamodeld in Sources */,
				0180BA5F2810E89F00A8FA6E /* SceneDelegate.swift in Sources */,
				0180BA742810E92200A8FA6E /* TableViewController.swift in Sources */,
				B05F00F82812101700A8FB8A /* PhotoAddViewController.swift in Sources */,
				B05F00FE28122DC400A8FB8A /* EditViewController.swift in Sources */,
			);
			runOnlyForDeploymentPostprocessing = 0;
		};
/* End PBXSourcesBuildPhase section */

/* Begin PBXVariantGroup section */
		0180BA622810E89F00A8FA6E /* Main.storyboard */ = {
			isa = PBXVariantGroup;
			children = (
				0180BA632810E89F00A8FA6E /* Base */,
			);
			name = Main.storyboard;
			sourceTree = "<group>";
		};
		0180BA6A2810E8A000A8FA6E /* LaunchScreen.storyboard */ = {
			isa = PBXVariantGroup;
			children = (
				0180BA6B2810E8A000A8FA6E /* Base */,
			);
			name = LaunchScreen.storyboard;
			sourceTree = "<group>";
		};
/* End PBXVariantGroup section */

/* Begin XCBuildConfiguration section */
		0180BA6E2810E8A000A8FA6E /* Debug */ = {
			isa = XCBuildConfiguration;
			buildSettings = {
				ALWAYS_SEARCH_USER_PATHS = NO;
				CLANG_ANALYZER_NONNULL = YES;
				CLANG_ANALYZER_NUMBER_OBJECT_CONVERSION = YES_AGGRESSIVE;
				CLANG_CXX_LANGUAGE_STANDARD = "gnu++17";
				CLANG_ENABLE_MODULES = YES;
				CLANG_ENABLE_OBJC_ARC = YES;
				CLANG_ENABLE_OBJC_WEAK = YES;
				CLANG_WARN_BLOCK_CAPTURE_AUTORELEASING = YES;
				CLANG_WARN_BOOL_CONVERSION = YES;
				CLANG_WARN_COMMA = YES;
				CLANG_WARN_CONSTANT_CONVERSION = YES;
				CLANG_WARN_DEPRECATED_OBJC_IMPLEMENTATIONS = YES;
				CLANG_WARN_DIRECT_OBJC_ISA_USAGE = YES_ERROR;
				CLANG_WARN_DOCUMENTATION_COMMENTS = YES;
				CLANG_WARN_EMPTY_BODY = YES;
				CLANG_WARN_ENUM_CONVERSION = YES;
				CLANG_WARN_INFINITE_RECURSION = YES;
				CLANG_WARN_INT_CONVERSION = YES;
				CLANG_WARN_NON_LITERAL_NULL_CONVERSION = YES;
				CLANG_WARN_OBJC_IMPLICIT_RETAIN_SELF = YES;
				CLANG_WARN_OBJC_LITERAL_CONVERSION = YES;
				CLANG_WARN_OBJC_ROOT_CLASS = YES_ERROR;
				CLANG_WARN_QUOTED_INCLUDE_IN_FRAMEWORK_HEADER = YES;
				CLANG_WARN_RANGE_LOOP_ANALYSIS = YES;
				CLANG_WARN_STRICT_PROTOTYPES = YES;
				CLANG_WARN_SUSPICIOUS_MOVE = YES;
				CLANG_WARN_UNGUARDED_AVAILABILITY = YES_AGGRESSIVE;
				CLANG_WARN_UNREACHABLE_CODE = YES;
				CLANG_WARN__DUPLICATE_METHOD_MATCH = YES;
				COPY_PHASE_STRIP = NO;
				DEBUG_INFORMATION_FORMAT = dwarf;
				ENABLE_STRICT_OBJC_MSGSEND = YES;
				ENABLE_TESTABILITY = YES;
				GCC_C_LANGUAGE_STANDARD = gnu11;
				GCC_DYNAMIC_NO_PIC = NO;
				GCC_NO_COMMON_BLOCKS = YES;
				GCC_OPTIMIZATION_LEVEL = 0;
				GCC_PREPROCESSOR_DEFINITIONS = (
					"DEBUG=1",
					"$(inherited)",
				);
				GCC_WARN_64_TO_32_BIT_CONVERSION = YES;
				GCC_WARN_ABOUT_RETURN_TYPE = YES_ERROR;
				GCC_WARN_UNDECLARED_SELECTOR = YES;
				GCC_WARN_UNINITIALIZED_AUTOS = YES_AGGRESSIVE;
				GCC_WARN_UNUSED_FUNCTION = YES;
				GCC_WARN_UNUSED_VARIABLE = YES;
				IPHONEOS_DEPLOYMENT_TARGET = 15.4;
				MTL_ENABLE_DEBUG_INFO = INCLUDE_SOURCE;
				MTL_FAST_MATH = YES;
				ONLY_ACTIVE_ARCH = YES;
				SDKROOT = iphoneos;
				SWIFT_ACTIVE_COMPILATION_CONDITIONS = DEBUG;
				SWIFT_OPTIMIZATION_LEVEL = "-Onone";
			};
			name = Debug;
		};
		0180BA6F2810E8A000A8FA6E /* Release */ = {
			isa = XCBuildConfiguration;
			buildSettings = {
				ALWAYS_SEARCH_USER_PATHS = NO;
				CLANG_ANALYZER_NONNULL = YES;
				CLANG_ANALYZER_NUMBER_OBJECT_CONVERSION = YES_AGGRESSIVE;
				CLANG_CXX_LANGUAGE_STANDARD = "gnu++17";
				CLANG_ENABLE_MODULES = YES;
				CLANG_ENABLE_OBJC_ARC = YES;
				CLANG_ENABLE_OBJC_WEAK = YES;
				CLANG_WARN_BLOCK_CAPTURE_AUTORELEASING = YES;
				CLANG_WARN_BOOL_CONVERSION = YES;
				CLANG_WARN_COMMA = YES;
				CLANG_WARN_CONSTANT_CONVERSION = YES;
				CLANG_WARN_DEPRECATED_OBJC_IMPLEMENTATIONS = YES;
				CLANG_WARN_DIRECT_OBJC_ISA_USAGE = YES_ERROR;
				CLANG_WARN_DOCUMENTATION_COMMENTS = YES;
				CLANG_WARN_EMPTY_BODY = YES;
				CLANG_WARN_ENUM_CONVERSION = YES;
				CLANG_WARN_INFINITE_RECURSION = YES;
				CLANG_WARN_INT_CONVERSION = YES;
				CLANG_WARN_NON_LITERAL_NULL_CONVERSION = YES;
				CLANG_WARN_OBJC_IMPLICIT_RETAIN_SELF = YES;
				CLANG_WARN_OBJC_LITERAL_CONVERSION = YES;
				CLANG_WARN_OBJC_ROOT_CLASS = YES_ERROR;
				CLANG_WARN_QUOTED_INCLUDE_IN_FRAMEWORK_HEADER = YES;
				CLANG_WARN_RANGE_LOOP_ANALYSIS = YES;
				CLANG_WARN_STRICT_PROTOTYPES = YES;
				CLANG_WARN_SUSPICIOUS_MOVE = YES;
				CLANG_WARN_UNGUARDED_AVAILABILITY = YES_AGGRESSIVE;
				CLANG_WARN_UNREACHABLE_CODE = YES;
				CLANG_WARN__DUPLICATE_METHOD_MATCH = YES;
				COPY_PHASE_STRIP = NO;
				DEBUG_INFORMATION_FORMAT = "dwarf-with-dsym";
				ENABLE_NS_ASSERTIONS = NO;
				ENABLE_STRICT_OBJC_MSGSEND = YES;
				GCC_C_LANGUAGE_STANDARD = gnu11;
				GCC_NO_COMMON_BLOCKS = YES;
				GCC_WARN_64_TO_32_BIT_CONVERSION = YES;
				GCC_WARN_ABOUT_RETURN_TYPE = YES_ERROR;
				GCC_WARN_UNDECLARED_SELECTOR = YES;
				GCC_WARN_UNINITIALIZED_AUTOS = YES_AGGRESSIVE;
				GCC_WARN_UNUSED_FUNCTION = YES;
				GCC_WARN_UNUSED_VARIABLE = YES;
				IPHONEOS_DEPLOYMENT_TARGET = 15.4;
				MTL_ENABLE_DEBUG_INFO = NO;
				MTL_FAST_MATH = YES;
				SDKROOT = iphoneos;
				SWIFT_COMPILATION_MODE = wholemodule;
				SWIFT_OPTIMIZATION_LEVEL = "-O";
				VALIDATE_PRODUCT = YES;
			};
			name = Release;
		};
		0180BA712810E8A000A8FA6E /* Debug */ = {
			isa = XCBuildConfiguration;
			buildSettings = {
				ASSETCATALOG_COMPILER_APPICON_NAME = AppIcon;
				ASSETCATALOG_COMPILER_GLOBAL_ACCENT_COLOR_NAME = AccentColor;
				CODE_SIGN_STYLE = Automatic;
				CURRENT_PROJECT_VERSION = 1;
				GENERATE_INFOPLIST_FILE = YES;
				INFOPLIST_FILE = "travel-log/Info.plist";
				INFOPLIST_KEY_UIApplicationSupportsIndirectInputEvents = YES;
				INFOPLIST_KEY_UILaunchStoryboardName = LaunchScreen;
				INFOPLIST_KEY_UIMainStoryboardFile = Main;
				INFOPLIST_KEY_UISupportedInterfaceOrientations_iPad = "UIInterfaceOrientationPortrait UIInterfaceOrientationPortraitUpsideDown UIInterfaceOrientationLandscapeLeft UIInterfaceOrientationLandscapeRight";
				INFOPLIST_KEY_UISupportedInterfaceOrientations_iPhone = "UIInterfaceOrientationPortrait UIInterfaceOrientationLandscapeLeft UIInterfaceOrientationLandscapeRight";
				IPHONEOS_DEPLOYMENT_TARGET = 15.2;
				LD_RUNPATH_SEARCH_PATHS = (
					"$(inherited)",
					"@executable_path/Frameworks",
				);
				MARKETING_VERSION = 1.0;
				PRODUCT_BUNDLE_IDENTIFIER = "cpp.travel-log";
				PRODUCT_NAME = "$(TARGET_NAME)";
				SWIFT_EMIT_LOC_STRINGS = YES;
				SWIFT_VERSION = 5.0;
				TARGETED_DEVICE_FAMILY = "1,2";
			};
			name = Debug;
		};
		0180BA722810E8A000A8FA6E /* Release */ = {
			isa = XCBuildConfiguration;
			buildSettings = {
				ASSETCATALOG_COMPILER_APPICON_NAME = AppIcon;
				ASSETCATALOG_COMPILER_GLOBAL_ACCENT_COLOR_NAME = AccentColor;
				CODE_SIGN_STYLE = Automatic;
				CURRENT_PROJECT_VERSION = 1;
				GENERATE_INFOPLIST_FILE = YES;
				INFOPLIST_FILE = "travel-log/Info.plist";
				INFOPLIST_KEY_UIApplicationSupportsIndirectInputEvents = YES;
				INFOPLIST_KEY_UILaunchStoryboardName = LaunchScreen;
				INFOPLIST_KEY_UIMainStoryboardFile = Main;
				INFOPLIST_KEY_UISupportedInterfaceOrientations_iPad = "UIInterfaceOrientationPortrait UIInterfaceOrientationPortraitUpsideDown UIInterfaceOrientationLandscapeLeft UIInterfaceOrientationLandscapeRight";
				INFOPLIST_KEY_UISupportedInterfaceOrientations_iPhone = "UIInterfaceOrientationPortrait UIInterfaceOrientationLandscapeLeft UIInterfaceOrientationLandscapeRight";
				IPHONEOS_DEPLOYMENT_TARGET = 15.2;
				LD_RUNPATH_SEARCH_PATHS = (
					"$(inherited)",
					"@executable_path/Frameworks",
				);
				MARKETING_VERSION = 1.0;
				PRODUCT_BUNDLE_IDENTIFIER = "cpp.travel-log";
				PRODUCT_NAME = "$(TARGET_NAME)";
				SWIFT_EMIT_LOC_STRINGS = YES;
				SWIFT_VERSION = 5.0;
				TARGETED_DEVICE_FAMILY = "1,2";
			};
			name = Release;
		};
/* End XCBuildConfiguration section */

/* Begin XCConfigurationList section */
		0180BA542810E89E00A8FA6E /* Build configuration list for PBXProject "travel-log" */ = {
			isa = XCConfigurationList;
			buildConfigurations = (
				0180BA6E2810E8A000A8FA6E /* Debug */,
				0180BA6F2810E8A000A8FA6E /* Release */,
			);
			defaultConfigurationIsVisible = 0;
			defaultConfigurationName = Release;
		};
		0180BA702810E8A000A8FA6E /* Build configuration list for PBXNativeTarget "travel-log" */ = {
			isa = XCConfigurationList;
			buildConfigurations = (
				0180BA712810E8A000A8FA6E /* Debug */,
				0180BA722810E8A000A8FA6E /* Release */,
			);
			defaultConfigurationIsVisible = 0;
			defaultConfigurationName = Release;
		};
/* End XCConfigurationList section */

/* Begin XCVersionGroup section */
		0180BA652810E89F00A8FA6E /* travel_log.xcdatamodeld */ = {
			isa = XCVersionGroup;
			children = (
				0180BA662810E89F00A8FA6E /* travel_log.xcdatamodel */,
			);
			currentVersion = 0180BA662810E89F00A8FA6E /* travel_log.xcdatamodel */;
			path = travel_log.xcdatamodeld;
			sourceTree = "<group>";
			versionGroupType = wrapper.xcdatamodel;
		};
/* End XCVersionGroup section */
	};
	rootObject = 0180BA512810E89E00A8FA6E /* Project object */;
}
